
Microsoft Visual Studio Solution File, Format Version 12.00
# Visual Studio Version 17
VisualStudioVersion = 17.3.32804.467
MinimumVisualStudioVersion = 10.0.40219.1
Project("{FAE04EC0-301F-11D3-BF4B-00C04F79EFBC}") = "tikTacToe", "tikTacToe\tikTacToe.csproj", "{8D6230DF-9771-43AE-8D22-B78BA39C30B5}"
EndProject
Global
	GlobalSection(SolutionConfigurationPlatforms) = preSolution
		Debug|Any CPU = Debug|Any CPU
		Release|Any CPU = Release|Any CPU
	EndGlobalSection
	GlobalSection(ProjectConfigurationPlatforms) = postSolution
		{8D6230DF-9771-43AE-8D22-B78BA39C30B5}.Debug|Any CPU.ActiveCfg = Debug|Any CPU
		{8D6230DF-9771-43AE-8D22-B78BA39C30B5}.Debug|Any CPU.Build.0 = Debug|Any CPU
		{8D6230DF-9771-43AE-8D22-B78BA39C30B5}.Release|Any CPU.ActiveCfg = Release|Any CPU
		{8D6230DF-9771-43AE-8D22-B78BA39C30B5}.Release|Any CPU.Build.0 = Release|Any CPU
	EndGlobalSection
	GlobalSection(SolutionProperties) = preSolution
		HideSolutionNode = FALSE
	EndGlobalSection
	GlobalSection(ExtensibilityGlobals) = postSolution
		SolutionGuid = {32272E8F-68DA-47F5-8607-47E4A9FE8B33}
	EndGlobalSection
EndGlobal
